
Microsoft Visual Studio Solution File, Format Version 12.00
# Visual Studio Version 17
VisualStudioVersion = 17.1.32228.430
MinimumVisualStudioVersion = 10.0.40219.1
Project("{FAE04EC0-301F-11D3-BF4B-00C04F79EFBC}") = "DietTrackerBlazorServer", "DietTrackerBlazorServer\DietTrackerBlazorServer.csproj", "{28E77841-62E0-46F1-B797-C1459FD7B1DB}"
EndProject
Project("{FAE04EC0-301F-11D3-BF4B-00C04F79EFBC}") = "Model", "Model\Model.csproj", "{56322A6D-9E3B-4AC1-969D-FF76A18803CE}"
EndProject
Global
	GlobalSection(SolutionConfigurationPlatforms) = preSolution
		Debug|Any CPU = Debug|Any CPU
		Release|Any CPU = Release|Any CPU
	EndGlobalSection
	GlobalSection(ProjectConfigurationPlatforms) = postSolution
		{28E77841-62E0-46F1-B797-C1459FD7B1DB}.Debug|Any CPU.ActiveCfg = Debug|Any CPU
		{28E77841-62E0-46F1-B797-C1459FD7B1DB}.Debug|Any CPU.Build.0 = Debug|Any CPU
		{28E77841-62E0-46F1-B797-C1459FD7B1DB}.Release|Any CPU.ActiveCfg = Release|Any CPU
		{28E77841-62E0-46F1-B797-C1459FD7B1DB}.Release|Any CPU.Build.0 = Release|Any CPU
		{56322A6D-9E3B-4AC1-969D-FF76A18803CE}.Debug|Any CPU.ActiveCfg = Debug|Any CPU
		{56322A6D-9E3B-4AC1-969D-FF76A18803CE}.Debug|Any CPU.Build.0 = Debug|Any CPU
		{56322A6D-9E3B-4AC1-969D-FF76A18803CE}.Release|Any CPU.ActiveCfg = Release|Any CPU
		{56322A6D-9E3B-4AC1-969D-FF76A18803CE}.Release|Any CPU.Build.0 = Release|Any CPU
	EndGlobalSection
	GlobalSection(SolutionProperties) = preSolution
		HideSolutionNode = FALSE
	EndGlobalSection
	GlobalSection(ExtensibilityGlobals) = postSolution
		SolutionGuid = {C656BD77-5B06-4311-BA6B-2AF97D364AB9}
	EndGlobalSection
EndGlobal
